
Microsoft Visual Studio Solution File, Format Version 12.00
# Visual Studio Version 16
VisualStudioVersion = 16.0.30114.105
MinimumVisualStudioVersion = 10.0.40219.1
Project("{2150E333-8FDC-42A3-9474-1A3956D46DE8}") = "samples", "samples", "{E6C50822-3F95-415E-B6C8-32E5B193DF97}"
EndProject
Project("{FAE04EC0-301F-11D3-BF4B-00C04F79EFBC}") = "CeriumX.Messaging.Bootstrapper", "samples\CeriumX.Messaging.Bootstrapper\src\CeriumX.Messaging.Bootstrapper.csproj", "{41254AF0-6F82-4FB2-B5BE-40E4CDB743A1}"
EndProject
Project("{FAE04EC0-301F-11D3-BF4B-00C04F79EFBC}") = "CeriumX.Messaging.Abstractions", "CeriumX.Messaging.Abstractions\src\CeriumX.Messaging.Abstractions.csproj", "{8CA12832-4FF9-43E4-A1CC-9E800E81F167}"
EndProject
Project("{2150E333-8FDC-42A3-9474-1A3956D46DE8}") = "ServiceBus", "ServiceBus", "{FA7AD897-A251-451E-A63E-262E08F332F7}"
EndProject
Project("{FAE04EC0-301F-11D3-BF4B-00C04F79EFBC}") = "CeriumX.Messaging.ServiceBus", "ServiceBus\CeriumX.Messaging.ServiceBus\src\CeriumX.Messaging.ServiceBus.csproj", "{FC31D087-9C02-4BB1-82D7-A6EE1F34F970}"
EndProject
Project("{2150E333-8FDC-42A3-9474-1A3956D46DE8}") = "LocalMQ", "LocalMQ", "{7061240F-3A05-425F-9F2F-26C6009B9FA0}"
EndProject
Project("{FAE04EC0-301F-11D3-BF4B-00C04F79EFBC}") = "CeriumX.Messaging.LocalMQ", "LocalMQ\CeriumX.Messaging.LocalMQ\src\CeriumX.Messaging.LocalMQ.csproj", "{32B35DC1-50FF-4E68-BD6F-48E192E5D980}"
EndProject
Project("{FAE04EC0-301F-11D3-BF4B-00C04F79EFBC}") = "CeriumX.Messaging.LocalMQPlus", "LocalMQ\CeriumX.Messaging.LocalMQPlus\src\CeriumX.Messaging.LocalMQPlus.csproj", "{8158A737-858B-4CB3-B910-25511736E390}"
EndProject
Project("{2150E333-8FDC-42A3-9474-1A3956D46DE8}") = "MQTT", "MQTT", "{15103956-DDF4-41B3-9E96-F0699B255B47}"
EndProject
Project("{FAE04EC0-301F-11D3-BF4B-00C04F79EFBC}") = "CeriumX.Messaging.MQTT", "MQTT\CeriumX.Messaging.MQTT\src\CeriumX.Messaging.MQTT.csproj", "{F4E257E3-9CA6-4258-83C4-D50260DA1055}"
EndProject
Project("{2150E333-8FDC-42A3-9474-1A3956D46DE8}") = "RabbitMQ", "RabbitMQ", "{0C52370C-87B4-4AE2-9DE3-66EC9DD993E8}"
EndProject
Project("{FAE04EC0-301F-11D3-BF4B-00C04F79EFBC}") = "CeriumX.Messaging.RabbitMQ", "RabbitMQ\CeriumX.Messaging.RabbitMQ\src\CeriumX.Messaging.RabbitMQ.csproj", "{E97CC488-BF6D-4A9D-93BF-4A98B695E17A}"
EndProject
Project("{2150E333-8FDC-42A3-9474-1A3956D46DE8}") = "Kafka", "Kafka", "{71A71276-9428-4153-898C-7FA9F6A3CCFB}"
EndProject
Project("{FAE04EC0-301F-11D3-BF4B-00C04F79EFBC}") = "CeriumX.Messaging.Kafka", "Kafka\CeriumX.Messaging.Kafka\src\CeriumX.Messaging.Kafka.csproj", "{EEBC6534-C8EC-4AD6-AD39-B399D6D4EFE7}"
EndProject
Project("{FAE04EC0-301F-11D3-BF4B-00C04F79EFBC}") = "CeriumX.Messaging.Appx4BlazorServer", "samples\CeriumX.Messaging.Appx4BlazorServer\src\CeriumX.Messaging.Appx4BlazorServer.csproj", "{80D29F48-9873-441A-803E-075D71DB22C6}"
EndProject
Project("{FAE04EC0-301F-11D3-BF4B-00C04F79EFBC}") = "CeriumX.Messaging.Appx4BlazorWasm", "samples\CeriumX.Messaging.Appx4BlazorWasm\src\CeriumX.Messaging.Appx4BlazorWasm.csproj", "{8A37D242-49FE-4FE6-98FB-7F949CA4734E}"
EndProject
Project("{FAE04EC0-301F-11D3-BF4B-00C04F79EFBC}") = "CeriumX.Messaging.Appx4WPF", "samples\CeriumX.Messaging.Appx4WPF\src\CeriumX.Messaging.Appx4WPF.csproj", "{D4C05086-2E89-44E1-BD6A-B97515DD6302}"
EndProject
Project("{FAE04EC0-301F-11D3-BF4B-00C04F79EFBC}") = "CeriumX.Messaging.LocalMQ.GenericHost", "LocalMQ\CeriumX.Messaging.LocalMQ.GenericHost\src\CeriumX.Messaging.LocalMQ.GenericHost.csproj", "{125900FE-FC70-4DD7-A3B9-1D76DFB4F317}"
EndProject
Project("{FAE04EC0-301F-11D3-BF4B-00C04F79EFBC}") = "CeriumX.Messaging.LocalMQ.CeriumXHost", "LocalMQ\CeriumX.Messaging.LocalMQ.CeriumXHost\src\CeriumX.Messaging.LocalMQ.CeriumXHost.csproj", "{F6A11036-F42E-40E5-A4F9-7327C3E028AB}"
EndProject
Project("{FAE04EC0-301F-11D3-BF4B-00C04F79EFBC}") = "CeriumX.Messaging.MQTT.GenericHost", "MQTT\CeriumX.Messaging.MQTT.GenericHost\src\CeriumX.Messaging.MQTT.GenericHost.csproj", "{3366F65C-BFD8-4C60-97AF-56C4E1B38315}"
EndProject
Project("{FAE04EC0-301F-11D3-BF4B-00C04F79EFBC}") = "CeriumX.Messaging.MQTT.CeriumXHost", "MQTT\CeriumX.Messaging.MQTT.CeriumXHost\src\CeriumX.Messaging.MQTT.CeriumXHost.csproj", "{C5A18460-6947-4723-BA83-EBD8EBDD9C32}"
EndProject
Project("{FAE04EC0-301F-11D3-BF4B-00C04F79EFBC}") = "CeriumX.Messaging.RabbitMQ.GenericHost", "RabbitMQ\CeriumX.Messaging.RabbitMQ.GenericHost\src\CeriumX.Messaging.RabbitMQ.GenericHost.csproj", "{02B67090-63E2-48E1-842F-90EC1C33F1FB}"
EndProject
Project("{FAE04EC0-301F-11D3-BF4B-00C04F79EFBC}") = "CeriumX.Messaging.RabbitMQ.CeriumXHost", "RabbitMQ\CeriumX.Messaging.RabbitMQ.CeriumXHost\src\CeriumX.Messaging.RabbitMQ.CeriumXHost.csproj", "{5462BAB3-6144-44AC-9158-6D607D310884}"
EndProject
Project("{FAE04EC0-301F-11D3-BF4B-00C04F79EFBC}") = "CeriumX.Messaging.Kafka.GenericHost", "Kafka\CeriumX.Messaging.Kafka.GenericHost\src\CeriumX.Messaging.Kafka.GenericHost.csproj", "{9677A4FE-1CDD-4961-A55F-45C0F1015CC9}"
EndProject
Project("{FAE04EC0-301F-11D3-BF4B-00C04F79EFBC}") = "CeriumX.Messaging.Kafka.CeriumXHost", "Kafka\CeriumX.Messaging.Kafka.CeriumXHost\src\CeriumX.Messaging.Kafka.CeriumXHost.csproj", "{F130D4AF-76E9-4910-B6C4-47A5A6CF2BD7}"
EndProject
Project("{FAE04EC0-301F-11D3-BF4B-00C04F79EFBC}") = "CeriumX.Messaging.ServiceBus.GenericHost", "ServiceBus\CeriumX.Messaging.ServiceBus.GenericHost\src\CeriumX.Messaging.ServiceBus.GenericHost.csproj", "{5D1D83B0-77A8-40CF-A6F1-1237ADECBF70}"
EndProject
Project("{FAE04EC0-301F-11D3-BF4B-00C04F79EFBC}") = "CeriumX.Messaging.ServiceBus.CeriumXHost", "ServiceBus\CeriumX.Messaging.ServiceBus.CeriumXHost\src\CeriumX.Messaging.ServiceBus.CeriumXHost.csproj", "{F0E1C362-70BC-40D6-B635-50BDFA314439}"
EndProject
Global
	GlobalSection(SolutionConfigurationPlatforms) = preSolution
		Debug|Any CPU = Debug|Any CPU
		Release|Any CPU = Release|Any CPU
	EndGlobalSection
	GlobalSection(SolutionProperties) = preSolution
		HideSolutionNode = FALSE
	EndGlobalSection
	GlobalSection(ProjectConfigurationPlatforms) = postSolution
		{41254AF0-6F82-4FB2-B5BE-40E4CDB743A1}.Debug|Any CPU.ActiveCfg = Debug|Any CPU
		{41254AF0-6F82-4FB2-B5BE-40E4CDB743A1}.Debug|Any CPU.Build.0 = Debug|Any CPU
		{41254AF0-6F82-4FB2-B5BE-40E4CDB743A1}.Release|Any CPU.ActiveCfg = Release|Any CPU
		{41254AF0-6F82-4FB2-B5BE-40E4CDB743A1}.Release|Any CPU.Build.0 = Release|Any CPU
		{8CA12832-4FF9-43E4-A1CC-9E800E81F167}.Debug|Any CPU.ActiveCfg = Debug|Any CPU
		{8CA12832-4FF9-43E4-A1CC-9E800E81F167}.Debug|Any CPU.Build.0 = Debug|Any CPU
		{8CA12832-4FF9-43E4-A1CC-9E800E81F167}.Release|Any CPU.ActiveCfg = Release|Any CPU
		{8CA12832-4FF9-43E4-A1CC-9E800E81F167}.Release|Any CPU.Build.0 = Release|Any CPU
		{FC31D087-9C02-4BB1-82D7-A6EE1F34F970}.Debug|Any CPU.ActiveCfg = Debug|Any CPU
		{FC31D087-9C02-4BB1-82D7-A6EE1F34F970}.Debug|Any CPU.Build.0 = Debug|Any CPU
		{FC31D087-9C02-4BB1-82D7-A6EE1F34F970}.Release|Any CPU.ActiveCfg = Release|Any CPU
		{FC31D087-9C02-4BB1-82D7-A6EE1F34F970}.Release|Any CPU.Build.0 = Release|Any CPU
		{32B35DC1-50FF-4E68-BD6F-48E192E5D980}.Debug|Any CPU.ActiveCfg = Debug|Any CPU
		{32B35DC1-50FF-4E68-BD6F-48E192E5D980}.Debug|Any CPU.Build.0 = Debug|Any CPU
		{32B35DC1-50FF-4E68-BD6F-48E192E5D980}.Release|Any CPU.ActiveCfg = Release|Any CPU
		{32B35DC1-50FF-4E68-BD6F-48E192E5D980}.Release|Any CPU.Build.0 = Release|Any CPU
		{8158A737-858B-4CB3-B910-25511736E390}.Debug|Any CPU.ActiveCfg = Debug|Any CPU
		{8158A737-858B-4CB3-B910-25511736E390}.Debug|Any CPU.Build.0 = Debug|Any CPU
		{8158A737-858B-4CB3-B910-25511736E390}.Release|Any CPU.ActiveCfg = Release|Any CPU
		{8158A737-858B-4CB3-B910-25511736E390}.Release|Any CPU.Build.0 = Release|Any CPU
		{F4E257E3-9CA6-4258-83C4-D50260DA1055}.Debug|Any CPU.ActiveCfg = Debug|Any CPU
		{F4E257E3-9CA6-4258-83C4-D50260DA1055}.Debug|Any CPU.Build.0 = Debug|Any CPU
		{F4E257E3-9CA6-4258-83C4-D50260DA1055}.Release|Any CPU.ActiveCfg = Release|Any CPU
		{F4E257E3-9CA6-4258-83C4-D50260DA1055}.Release|Any CPU.Build.0 = Release|Any CPU
		{E97CC488-BF6D-4A9D-93BF-4A98B695E17A}.Debug|Any CPU.ActiveCfg = Debug|Any CPU
		{E97CC488-BF6D-4A9D-93BF-4A98B695E17A}.Debug|Any CPU.Build.0 = Debug|Any CPU
		{E97CC488-BF6D-4A9D-93BF-4A98B695E17A}.Release|Any CPU.ActiveCfg = Release|Any CPU
		{E97CC488-BF6D-4A9D-93BF-4A98B695E17A}.Release|Any CPU.Build.0 = Release|Any CPU
		{EEBC6534-C8EC-4AD6-AD39-B399D6D4EFE7}.Debug|Any CPU.ActiveCfg = Debug|Any CPU
		{EEBC6534-C8EC-4AD6-AD39-B399D6D4EFE7}.Debug|Any CPU.Build.0 = Debug|Any CPU
		{EEBC6534-C8EC-4AD6-AD39-B399D6D4EFE7}.Release|Any CPU.ActiveCfg = Release|Any CPU
		{EEBC6534-C8EC-4AD6-AD39-B399D6D4EFE7}.Release|Any CPU.Build.0 = Release|Any CPU
		{80D29F48-9873-441A-803E-075D71DB22C6}.Debug|Any CPU.ActiveCfg = Debug|Any CPU
		{80D29F48-9873-441A-803E-075D71DB22C6}.Debug|Any CPU.Build.0 = Debug|Any CPU
		{80D29F48-9873-441A-803E-075D71DB22C6}.Release|Any CPU.ActiveCfg = Release|Any CPU
		{80D29F48-9873-441A-803E-075D71DB22C6}.Release|Any CPU.Build.0 = Release|Any CPU
		{8A37D242-49FE-4FE6-98FB-7F949CA4734E}.Debug|Any CPU.ActiveCfg = Debug|Any CPU
		{8A37D242-49FE-4FE6-98FB-7F949CA4734E}.Debug|Any CPU.Build.0 = Debug|Any CPU
		{8A37D242-49FE-4FE6-98FB-7F949CA4734E}.Release|Any CPU.ActiveCfg = Release|Any CPU
		{8A37D242-49FE-4FE6-98FB-7F949CA4734E}.Release|Any CPU.Build.0 = Release|Any CPU
		{D4C05086-2E89-44E1-BD6A-B97515DD6302}.Debug|Any CPU.ActiveCfg = Debug|Any CPU
		{D4C05086-2E89-44E1-BD6A-B97515DD6302}.Debug|Any CPU.Build.0 = Debug|Any CPU
		{D4C05086-2E89-44E1-BD6A-B97515DD6302}.Release|Any CPU.ActiveCfg = Release|Any CPU
		{D4C05086-2E89-44E1-BD6A-B97515DD6302}.Release|Any CPU.Build.0 = Release|Any CPU
		{125900FE-FC70-4DD7-A3B9-1D76DFB4F317}.Debug|Any CPU.ActiveCfg = Debug|Any CPU
		{125900FE-FC70-4DD7-A3B9-1D76DFB4F317}.Debug|Any CPU.Build.0 = Debug|Any CPU
		{125900FE-FC70-4DD7-A3B9-1D76DFB4F317}.Release|Any CPU.ActiveCfg = Release|Any CPU
		{125900FE-FC70-4DD7-A3B9-1D76DFB4F317}.Release|Any CPU.Build.0 = Release|Any CPU
		{F6A11036-F42E-40E5-A4F9-7327C3E028AB}.Debug|Any CPU.ActiveCfg = Debug|Any CPU
		{F6A11036-F42E-40E5-A4F9-7327C3E028AB}.Debug|Any CPU.Build.0 = Debug|Any CPU
		{F6A11036-F42E-40E5-A4F9-7327C3E028AB}.Release|Any CPU.ActiveCfg = Release|Any CPU
		{F6A11036-F42E-40E5-A4F9-7327C3E028AB}.Release|Any CPU.Build.0 = Release|Any CPU
		{3366F65C-BFD8-4C60-97AF-56C4E1B38315}.Debug|Any CPU.ActiveCfg = Debug|Any CPU
		{3366F65C-BFD8-4C60-97AF-56C4E1B38315}.Debug|Any CPU.Build.0 = Debug|Any CPU
		{3366F65C-BFD8-4C60-97AF-56C4E1B38315}.Release|Any CPU.ActiveCfg = Release|Any CPU
		{3366F65C-BFD8-4C60-97AF-56C4E1B38315}.Release|Any CPU.Build.0 = Release|Any CPU
		{C5A18460-6947-4723-BA83-EBD8EBDD9C32}.Debug|Any CPU.ActiveCfg = Debug|Any CPU
		{C5A18460-6947-4723-BA83-EBD8EBDD9C32}.Debug|Any CPU.Build.0 = Debug|Any CPU
		{C5A18460-6947-4723-BA83-EBD8EBDD9C32}.Release|Any CPU.ActiveCfg = Release|Any CPU
		{C5A18460-6947-4723-BA83-EBD8EBDD9C32}.Release|Any CPU.Build.0 = Release|Any CPU
		{02B67090-63E2-48E1-842F-90EC1C33F1FB}.Debug|Any CPU.ActiveCfg = Debug|Any CPU
		{02B67090-63E2-48E1-842F-90EC1C33F1FB}.Debug|Any CPU.Build.0 = Debug|Any CPU
		{02B67090-63E2-48E1-842F-90EC1C33F1FB}.Release|Any CPU.ActiveCfg = Release|Any CPU
		{02B67090-63E2-48E1-842F-90EC1C33F1FB}.Release|Any CPU.Build.0 = Release|Any CPU
		{5462BAB3-6144-44AC-9158-6D607D310884}.Debug|Any CPU.ActiveCfg = Debug|Any CPU
		{5462BAB3-6144-44AC-9158-6D607D310884}.Debug|Any CPU.Build.0 = Debug|Any CPU
		{5462BAB3-6144-44AC-9158-6D607D310884}.Release|Any CPU.ActiveCfg = Release|Any CPU
		{5462BAB3-6144-44AC-9158-6D607D310884}.Release|Any CPU.Build.0 = Release|Any CPU
		{9677A4FE-1CDD-4961-A55F-45C0F1015CC9}.Debug|Any CPU.ActiveCfg = Debug|Any CPU
		{9677A4FE-1CDD-4961-A55F-45C0F1015CC9}.Debug|Any CPU.Build.0 = Debug|Any CPU
		{9677A4FE-1CDD-4961-A55F-45C0F1015CC9}.Release|Any CPU.ActiveCfg = Release|Any CPU
		{9677A4FE-1CDD-4961-A55F-45C0F1015CC9}.Release|Any CPU.Build.0 = Release|Any CPU
		{F130D4AF-76E9-4910-B6C4-47A5A6CF2BD7}.Debug|Any CPU.ActiveCfg = Debug|Any CPU
		{F130D4AF-76E9-4910-B6C4-47A5A6CF2BD7}.Debug|Any CPU.Build.0 = Debug|Any CPU
		{F130D4AF-76E9-4910-B6C4-47A5A6CF2BD7}.Release|Any CPU.ActiveCfg = Release|Any CPU
		{F130D4AF-76E9-4910-B6C4-47A5A6CF2BD7}.Release|Any CPU.Build.0 = Release|Any CPU
		{5D1D83B0-77A8-40CF-A6F1-1237ADECBF70}.Debug|Any CPU.ActiveCfg = Debug|Any CPU
		{5D1D83B0-77A8-40CF-A6F1-1237ADECBF70}.Debug|Any CPU.Build.0 = Debug|Any CPU
		{5D1D83B0-77A8-40CF-A6F1-1237ADECBF70}.Release|Any CPU.ActiveCfg = Release|Any CPU
		{5D1D83B0-77A8-40CF-A6F1-1237ADECBF70}.Release|Any CPU.Build.0 = Release|Any CPU
		{F0E1C362-70BC-40D6-B635-50BDFA314439}.Debug|Any CPU.ActiveCfg = Debug|Any CPU
		{F0E1C362-70BC-40D6-B635-50BDFA314439}.Debug|Any CPU.Build.0 = Debug|Any CPU
		{F0E1C362-70BC-40D6-B635-50BDFA314439}.Release|Any CPU.ActiveCfg = Release|Any CPU
		{F0E1C362-70BC-40D6-B635-50BDFA314439}.Release|Any CPU.Build.0 = Release|Any CPU
	EndGlobalSection
	GlobalSection(NestedProjects) = preSolution
		{41254AF0-6F82-4FB2-B5BE-40E4CDB743A1} = {E6C50822-3F95-415E-B6C8-32E5B193DF97}
		{FC31D087-9C02-4BB1-82D7-A6EE1F34F970} = {FA7AD897-A251-451E-A63E-262E08F332F7}
		{32B35DC1-50FF-4E68-BD6F-48E192E5D980} = {7061240F-3A05-425F-9F2F-26C6009B9FA0}
		{8158A737-858B-4CB3-B910-25511736E390} = {7061240F-3A05-425F-9F2F-26C6009B9FA0}
		{F4E257E3-9CA6-4258-83C4-D50260DA1055} = {15103956-DDF4-41B3-9E96-F0699B255B47}
		{E97CC488-BF6D-4A9D-93BF-4A98B695E17A} = {0C52370C-87B4-4AE2-9DE3-66EC9DD993E8}
		{EEBC6534-C8EC-4AD6-AD39-B399D6D4EFE7} = {71A71276-9428-4153-898C-7FA9F6A3CCFB}
		{80D29F48-9873-441A-803E-075D71DB22C6} = {E6C50822-3F95-415E-B6C8-32E5B193DF97}
		{8A37D242-49FE-4FE6-98FB-7F949CA4734E} = {E6C50822-3F95-415E-B6C8-32E5B193DF97}
		{D4C05086-2E89-44E1-BD6A-B97515DD6302} = {E6C50822-3F95-415E-B6C8-32E5B193DF97}
		{125900FE-FC70-4DD7-A3B9-1D76DFB4F317} = {7061240F-3A05-425F-9F2F-26C6009B9FA0}
		{F6A11036-F42E-40E5-A4F9-7327C3E028AB} = {7061240F-3A05-425F-9F2F-26C6009B9FA0}
		{3366F65C-BFD8-4C60-97AF-56C4E1B38315} = {15103956-DDF4-41B3-9E96-F0699B255B47}
		{C5A18460-6947-4723-BA83-EBD8EBDD9C32} = {15103956-DDF4-41B3-9E96-F0699B255B47}
		{02B67090-63E2-48E1-842F-90EC1C33F1FB} = {0C52370C-87B4-4AE2-9DE3-66EC9DD993E8}
		{5462BAB3-6144-44AC-9158-6D607D310884} = {0C52370C-87B4-4AE2-9DE3-66EC9DD993E8}
		{9677A4FE-1CDD-4961-A55F-45C0F1015CC9} = {71A71276-9428-4153-898C-7FA9F6A3CCFB}
		{F130D4AF-76E9-4910-B6C4-47A5A6CF2BD7} = {71A71276-9428-4153-898C-7FA9F6A3CCFB}
		{5D1D83B0-77A8-40CF-A6F1-1237ADECBF70} = {FA7AD897-A251-451E-A63E-262E08F332F7}
		{F0E1C362-70BC-40D6-B635-50BDFA314439} = {FA7AD897-A251-451E-A63E-262E08F332F7}
	EndGlobalSection
EndGlobal
